# generated by rye
# use `rye lock` or `rye sync` to update this lockfile
#
# last locked with the following flags:
#   pre: false
#   features: []
#   all-features: false
#   with-sources: false
#   generate-hashes: false
#   universal: false

-e file:.
certifi==2024.12.14
    # via requests
charset-normalizer==3.4.1
    # via requests
defusedxml==0.7.1
    # via librespot
idna==3.10
    # via requests
ifaddr==0.2.0
    # via zeroconf
librespot @ git+https://github.com/kokarare1212/librespot-python@24bb36b3c66c025d2d629d8306f65443d0d5d850
    # via mr-rippah
mutagen==1.47.0
    # via mr-rippah
platformdirs==4.3.6
    # via mr-rippah
protobuf==3.20.1
    # via librespot
pycryptodomex==3.21.0
    # via librespot
pydub==0.25.1
    # via mr-rippah
pyogg==0.6.14a1
    # via librespot
requests==2.32.3
    # via librespot
    # via mr-rippah
tqdm==4.67.1
    # via mr-rippah
urllib3==2.3.0
    # via requests
websocket-client==1.8.0
    # via librespot
zeroconf==0.139.0
    # via librespot
